{
  "nodes": {
    "catppuccin": {
      "inputs": {
        "nixpkgs": [
          "nixpkgs"
        ]
      },
      "locked": {
        "lastModified": 1774799062,
        "narHash": "sha256-U9RGxFsLeKivD1+7sVXj5TltHGfB4m/dkn3dENT2fSM=",
        "owner": "catppuccin",
        "repo": "nix",
        "rev": "948a8ee84858d053b83f01c8c168f9f4347937e6",
        "type": "github"
      },
      "original": {
        "owner": "catppuccin",
        "repo": "nix",
        "type": "github"
      }
    },
    "flake-parts": {
      "inputs": {
        "nixpkgs-lib": [
          "nixpkgs"
        ]
      },
      "locked": {
        "lastModified": 1772408722,
        "narHash": "sha256-rHuJtdcOjK7rAHpHphUb1iCvgkU3GpfvicLMwwnfMT0=",
        "owner": "hercules-ci",
        "repo": "flake-parts",
        "rev": "f20dc5d9b8027381c474144ecabc9034d6a839a3",
        "type": "github"
      },
      "original": {
        "owner": "hercules-ci",
        "repo": "flake-parts",
        "type": "github"
      }
    },
    "flake-utils": {
      "inputs": {
        "systems": [
          "systems"
        ]
      },
      "locked": {
        "lastModified": 1731533236,
        "narHash": "sha256-l0KFg5HjrsfsO/JpG+r7fRrqm12kzFHyUHqHCVpMMbI=",
        "owner": "numtide",
        "repo": "flake-utils",
        "rev": "11707dc2f618dd54ca8739b309ec4fc024de578b",
        "type": "github"
      },
      "original": {
        "owner": "numtide",
        "repo": "flake-utils",
        "type": "github"
      }
    },
    "forgejo-runner-src": {
      "flake": false,
      "locked": {
        "lastModified": 1769493915,
        "narHash": "sha256-BkPJp9R/l4t5ZFM2k51MnWl8tPuEdrhQXxgCtu26Q+E=",
        "ref": "refs/heads/main",
        "rev": "be280cd779bb0906d32546086bbdcd02e9c334c6",
        "revCount": 2212,
        "type": "git",
        "url": "https://git.braincraft.io/BrainCraft/runner"
      },
      "original": {
        "type": "git",
        "url": "https://git.braincraft.io/BrainCraft/runner"
      }
    },
    "home-manager": {
      "inputs": {
        "nixpkgs": [
          "nixpkgs"
        ]
      },
      "locked": {
        "lastModified": 1774559029,
        "narHash": "sha256-deix7yg3j6AhjMPnFDCmWB3f83LsajaaULP5HH2j34k=",
        "owner": "nix-community",
        "repo": "home-manager",
        "rev": "a0bb0d11514f92b639514220114ac8063c72d0a3",
        "type": "github"
      },
      "original": {
        "owner": "nix-community",
        "ref": "release-25.11",
        "repo": "home-manager",
        "type": "github"
      }
    },
    "ixx": {
      "inputs": {
        "flake-utils": [
          "flake-utils"
        ],
        "nixpkgs": [
          "nixpkgs"
        ]
      },
      "locked": {
        "lastModified": 1773708634,
        "narHash": "sha256-ol+qY5b6AE2TKsFsLheowFAhv94H8234MGZToNc2XOQ=",
        "owner": "NuschtOS",
        "repo": "ixx",
        "rev": "7aeebd04a4886755e2b24b2510280628b7a0ddb4",
        "type": "github"
      },
      "original": {
        "owner": "NuschtOS",
        "repo": "ixx",
        "type": "github"
      }
    },
    "ixx_2": {
      "inputs": {
        "flake-utils": [
          "nuschtosSearch",
          "flake-utils"
        ],
        "nixpkgs": [
          "nuschtosSearch",
          "nixpkgs"
        ]
      },
      "locked": {
        "lastModified": 1754860581,
        "narHash": "sha256-EM0IE63OHxXCOpDHXaTyHIOk2cNvMCGPqLt/IdtVxgk=",
        "owner": "NuschtOS",
        "repo": "ixx",
        "rev": "babfe85a876162c4acc9ab6fb4483df88fa1f281",
        "type": "github"
      },
      "original": {
        "owner": "NuschtOS",
        "ref": "v0.1.1",
        "repo": "ixx",
        "type": "github"
      }
    },
    "nix2container": {
      "inputs": {
        "nixpkgs": [
          "nixpkgs"
        ]
      },
      "locked": {
        "lastModified": 1773987955,
        "narHash": "sha256-vgxwF/GS9lRC9s211RnmJaGKHIUexMiRs7Eslh11E08=",
        "ref": "refs/heads/master",
        "rev": "20d339590c3c36252514a57b0241c47bcd8a08ce",
        "revCount": 224,
        "type": "git",
        "url": "https://github.com/nlewo/nix2container"
      },
      "original": {
        "type": "git",
        "url": "https://github.com/nlewo/nix2container"
      }
    },
    "nixlib": {
      "locked": {
        "lastModified": 1774748309,
        "narHash": "sha256-+U7gF3qxzwD5TZuANzZPeJTZRHS29OFQgkQ2kiTJBIQ=",
        "owner": "nix-community",
        "repo": "nixpkgs.lib",
        "rev": "333c4e0545a6da976206c74db8773a1645b5870a",
        "type": "github"
      },
      "original": {
        "owner": "nix-community",
        "repo": "nixpkgs.lib",
        "type": "github"
      }
    },
    "nixpkgs": {
      "locked": {
        "lastModified": 1774388614,
        "narHash": "sha256-tFwzTI0DdDzovdE9+Ras6CUss0yn8P9XV4Ja6RjA+nU=",
        "owner": "NixOS",
        "repo": "nixpkgs",
        "rev": "1073dad219cb244572b74da2b20c7fe39cb3fa9e",
        "type": "github"
      },
      "original": {
        "owner": "NixOS",
        "ref": "nixos-25.11",
        "repo": "nixpkgs",
        "type": "github"
      }
    },
    "nixpkgs-unstable": {
      "locked": {
        "lastModified": 1774701658,
        "narHash": "sha256-CIS/4AMUSwUyC8X5g+5JsMRvIUL3YUfewe8K4VrbsSQ=",
        "owner": "NixOS",
        "repo": "nixpkgs",
        "rev": "b63fe7f000adcfa269967eeff72c64cafecbbebe",
        "type": "github"
      },
      "original": {
        "owner": "NixOS",
        "ref": "nixpkgs-unstable",
        "repo": "nixpkgs",
        "type": "github"
      }
    },
    "nixvim": {
      "inputs": {
        "flake-parts": [
          "flake-parts"
        ],
        "nixpkgs": [
          "nixpkgs"
        ],
        "nuschtosSearch": [
          "nuschtosSearch"
        ],
        "systems": [
          "systems"
        ]
      },
      "locked": {
        "lastModified": 1769049374,
        "narHash": "sha256-h0Os2qqNyycDY1FyZgtbn28VF1ySP74/n0f+LDd8j+w=",
        "owner": "nix-community",
        "repo": "nixvim",
        "rev": "b8f76bf5751835647538ef8784e4e6ee8deb8f95",
        "type": "github"
      },
      "original": {
        "owner": "nix-community",
        "ref": "nixos-25.11",
        "repo": "nixvim",
        "type": "github"
      }
    },
    "nuschtosSearch": {
      "inputs": {
        "flake-utils": [
          "flake-utils"
        ],
        "ixx": "ixx_2",
        "nixpkgs": [
          "nixpkgs"
        ]
      },
      "locked": {
        "lastModified": 1773607461,
        "narHash": "sha256-9gKVKVmdcel4ACBHVqZ6zSPJ3nVHfNoWocv2rzjbJOw=",
        "owner": "NuschtOS",
        "repo": "search",
        "rev": "3e49b4205b3083f7e45075bd2f7a722f6a4ce195",
        "type": "github"
      },
      "original": {
        "owner": "NuschtOS",
        "repo": "search",
        "type": "github"
      }
    },
    "open-sesame": {
      "inputs": {
        "nixpkgs": [
          "nixpkgs"
        ]
      },
      "locked": {
        "lastModified": 1774810739,
        "narHash": "sha256-EDL7NGC4AFJKZBVSMsY54d0p0zWwol/k+ZTQn5lt/9k=",
        "owner": "ScopeCreep-zip",
        "repo": "open-sesame",
        "rev": "6aaa59a1187b393fcd8af88638b655ec9c7924bd",
        "type": "github"
      },
      "original": {
        "owner": "ScopeCreep-zip",
        "repo": "open-sesame",
        "type": "github"
      }
    },
    "root": {
      "inputs": {
        "catppuccin": "catppuccin",
        "flake-parts": "flake-parts",
        "flake-utils": "flake-utils",
        "forgejo-runner-src": "forgejo-runner-src",
        "home-manager": "home-manager",
        "ixx": "ixx",
        "nix2container": "nix2container",
        "nixlib": "nixlib",
        "nixpkgs": "nixpkgs",
        "nixpkgs-unstable": "nixpkgs-unstable",
        "nixvim": "nixvim",
        "nuschtosSearch": "nuschtosSearch",
        "open-sesame": "open-sesame",
        "rust-overlay": "rust-overlay",
        "systems": "systems"
      }
    },
    "rust-overlay": {
      "inputs": {
        "nixpkgs": [
          "nixpkgs"
        ]
      },
      "locked": {
        "lastModified": 1774753967,
        "narHash": "sha256-HpT5fE8JQSbAxolUnw3VgGAo3urVjcrgtB2rtoxURVw=",
        "owner": "oxalica",
        "repo": "rust-overlay",
        "rev": "405b9b4c2c6c5a2b1d390524ce8a240729f34a96",
        "type": "github"
      },
      "original": {
        "owner": "oxalica",
        "repo": "rust-overlay",
        "type": "github"
      }
    },
    "systems": {
      "locked": {
        "lastModified": 1681028828,
        "narHash": "sha256-Vy1rq5AaRuLzOxct8nz4T6wlgyUR7zLU309k9mBC768=",
        "owner": "nix-systems",
        "repo": "default",
        "rev": "da67096a3b9bf56a91d16901293e51ba5b49a27e",
        "type": "github"
      },
      "original": {
        "owner": "nix-systems",
        "repo": "default",
        "type": "github"
      }
    }
  },
  "root": "root",
  "version": 7
}
