{
  "nodes": {
    "flake-parts": {
      "inputs": {
        "nixpkgs-lib": [
          "nixvim",
          "nixpkgs"
        ]
      },
      "locked": {
        "lastModified": 1765495779,
        "narHash": "sha256-MhA7wmo/7uogLxiewwRRmIax70g6q1U/YemqTGoFHlM=",
        "owner": "hercules-ci",
        "repo": "flake-parts",
        "rev": "5635c32d666a59ec9a55cab87e898889869f7b71",
        "type": "github"
      },
      "original": {
        "owner": "hercules-ci",
        "repo": "flake-parts",
        "type": "github"
      }
    },
    "flake-utils": {
      "inputs": {
        "systems": "systems"
      },
      "locked": {
        "lastModified": 1731533236,
        "narHash": "sha256-l0KFg5HjrsfsO/JpG+r7fRrqm12kzFHyUHqHCVpMMbI=",
        "rev": "11707dc2f618dd54ca8739b309ec4fc024de578b",
        "revCount": 102,
        "type": "tarball",
        "url": "https://api.flakehub.com/f/pinned/numtide/flake-utils/0.1.102%2Brev-11707dc2f618dd54ca8739b309ec4fc024de578b/0193276d-5b8f-7dbc-acf1-41cb7b54ad2e/source.tar.gz?rev=11707dc2f618dd54ca8739b309ec4fc024de578b&revCount=102"
      },
      "original": {
        "type": "tarball",
        "url": "https://flakehub.com/f/numtide/flake-utils/%2A"
      }
    },
    "flake-utils_2": {
      "inputs": {
        "systems": "systems_2"
      },
      "locked": {
        "lastModified": 1731533236,
        "narHash": "sha256-l0KFg5HjrsfsO/JpG+r7fRrqm12kzFHyUHqHCVpMMbI=",
        "owner": "numtide",
        "repo": "flake-utils",
        "rev": "11707dc2f618dd54ca8739b309ec4fc024de578b",
        "type": "github"
      },
      "original": {
        "owner": "numtide",
        "repo": "flake-utils",
        "type": "github"
      }
    },
    "ixx": {
      "inputs": {
        "flake-utils": [
          "nixvim",
          "nuschtosSearch",
          "flake-utils"
        ],
        "nixpkgs": [
          "nixvim",
          "nuschtosSearch",
          "nixpkgs"
        ]
      },
      "locked": {
        "lastModified": 1754860581,
        "narHash": "sha256-EM0IE63OHxXCOpDHXaTyHIOk2cNvMCGPqLt/IdtVxgk=",
        "owner": "NuschtOS",
        "repo": "ixx",
        "rev": "babfe85a876162c4acc9ab6fb4483df88fa1f281",
        "type": "github"
      },
      "original": {
        "owner": "NuschtOS",
        "ref": "v0.1.1",
        "repo": "ixx",
        "type": "github"
      }
    },
    "nix2container": {
      "inputs": {
        "nixpkgs": [
          "nixpkgs"
        ]
      },
      "locked": {
        "lastModified": 1765614563,
        "narHash": "sha256-YP867hf3ApYYHZ6ugNRq4HmTwtDXV1tmkkHg6FYOXDU=",
        "ref": "refs/heads/master",
        "rev": "954bfece93c6f1475be983820d860b2f9a39e7ce",
        "revCount": 212,
        "type": "git",
        "url": "https://github.com/nlewo/nix2container"
      },
      "original": {
        "type": "git",
        "url": "https://github.com/nlewo/nix2container"
      }
    },
    "nixlib": {
      "locked": {
        "lastModified": 1736643958,
        "narHash": "sha256-tmpqTSWVRJVhpvfSN9KXBvKEXplrwKnSZNAoNPf/S/s=",
        "owner": "nix-community",
        "repo": "nixpkgs.lib",
        "rev": "1418bc28a52126761c02dd3d89b2d8ca0f521181",
        "type": "github"
      },
      "original": {
        "owner": "nix-community",
        "repo": "nixpkgs.lib",
        "type": "github"
      }
    },
    "nixos-generators": {
      "inputs": {
        "nixlib": "nixlib",
        "nixpkgs": [
          "nixpkgs"
        ]
      },
      "locked": {
        "lastModified": 1764234087,
        "narHash": "sha256-NHF7QWa0ZPT8hsJrvijREW3+nifmF2rTXgS2v0tpcEA=",
        "rev": "032a1878682fafe829edfcf5fdfad635a2efe748",
        "revCount": 485,
        "type": "tarball",
        "url": "https://api.flakehub.com/f/pinned/nix-community/nixos-generators/0.1.485%2Brev-032a1878682fafe829edfcf5fdfad635a2efe748/019ac48c-d508-7464-bf8b-01592eec05ad/source.tar.gz?rev=032a1878682fafe829edfcf5fdfad635a2efe748&revCount=485"
      },
      "original": {
        "type": "tarball",
        "url": "https://flakehub.com/f/nix-community/nixos-generators/%2A"
      }
    },
    "nixpkgs": {
      "locked": {
        "lastModified": 1765762245,
        "narHash": "sha256-3iXM/zTqEskWtmZs3gqNiVtRTsEjYAedIaLL0mSBsrk=",
        "rev": "c8cfcd6ccd422e41cc631a0b73ed4d5a925c393d",
        "revCount": 903561,
        "type": "tarball",
        "url": "https://api.flakehub.com/f/pinned/NixOS/nixpkgs/0.2511.903561%2Brev-c8cfcd6ccd422e41cc631a0b73ed4d5a925c393d/019b231b-8461-7fef-af86-fa7662ea16ad/source.tar.gz?rev=c8cfcd6ccd422e41cc631a0b73ed4d5a925c393d&revCount=903561"
      },
      "original": {
        "type": "tarball",
        "url": "https://flakehub.com/f/NixOS/nixpkgs/0.2511.%2A"
      }
    },
    "nixpkgs-unstable": {
      "locked": {
        "lastModified": 1765762245,
        "narHash": "sha256-3iXM/zTqEskWtmZs3gqNiVtRTsEjYAedIaLL0mSBsrk=",
        "rev": "c8cfcd6ccd422e41cc631a0b73ed4d5a925c393d",
        "revCount": 903561,
        "type": "tarball",
        "url": "https://api.flakehub.com/f/pinned/NixOS/nixpkgs/0.2511.903561%2Brev-c8cfcd6ccd422e41cc631a0b73ed4d5a925c393d/019b231b-8461-7fef-af86-fa7662ea16ad/source.tar.gz?rev=c8cfcd6ccd422e41cc631a0b73ed4d5a925c393d&revCount=903561"
      },
      "original": {
        "type": "tarball",
        "url": "https://flakehub.com/f/NixOS/nixpkgs/%2A"
      }
    },
    "nixvim": {
      "inputs": {
        "flake-parts": "flake-parts",
        "nixpkgs": [
          "nixpkgs"
        ],
        "nuschtosSearch": "nuschtosSearch",
        "systems": "systems_3"
      },
      "locked": {
        "lastModified": 1765796859,
        "narHash": "sha256-c2YaJUsLGk3WNqIHIU/Pt1fGjNH02ePsHfD5MJlfEe4=",
        "owner": "nix-community",
        "repo": "nixvim",
        "rev": "d8c9d8451d4592dd7de647230f407d4d6370bd8e",
        "type": "github"
      },
      "original": {
        "owner": "nix-community",
        "ref": "nixos-25.11",
        "repo": "nixvim",
        "type": "github"
      }
    },
    "nuschtosSearch": {
      "inputs": {
        "flake-utils": "flake-utils_2",
        "ixx": "ixx",
        "nixpkgs": [
          "nixvim",
          "nixpkgs"
        ]
      },
      "locked": {
        "lastModified": 1761730856,
        "narHash": "sha256-t1i5p/vSWwueZSC0Z2BImxx3BjoUDNKyC2mk24krcMY=",
        "owner": "NuschtOS",
        "repo": "search",
        "rev": "e29de6db0cb3182e9aee75a3b1fd1919d995d85b",
        "type": "github"
      },
      "original": {
        "owner": "NuschtOS",
        "repo": "search",
        "type": "github"
      }
    },
    "root": {
      "inputs": {
        "flake-utils": "flake-utils",
        "nix2container": "nix2container",
        "nixos-generators": "nixos-generators",
        "nixpkgs": "nixpkgs",
        "nixpkgs-unstable": "nixpkgs-unstable",
        "nixvim": "nixvim",
        "rust-overlay": "rust-overlay"
      }
    },
    "rust-overlay": {
      "inputs": {
        "nixpkgs": [
          "nixpkgs"
        ]
      },
      "locked": {
        "lastModified": 1765939271,
        "narHash": "sha256-7F/d+ZrTYyOxnBZcleQZjOOEWc1IMXR/CLLRLLsVtHo=",
        "rev": "8028944c1339469124639da276d403d8ab7929a8",
        "revCount": 2013,
        "type": "tarball",
        "url": "https://api.flakehub.com/f/pinned/oxalica/rust-overlay/0.1.2013%2Brev-8028944c1339469124639da276d403d8ab7929a8/019b2a30-f2af-775d-a69c-3f5387084838/source.tar.gz?rev=8028944c1339469124639da276d403d8ab7929a8&revCount=2013"
      },
      "original": {
        "type": "tarball",
        "url": "https://flakehub.com/f/oxalica/rust-overlay/%2A"
      }
    },
    "systems": {
      "locked": {
        "lastModified": 1681028828,
        "narHash": "sha256-Vy1rq5AaRuLzOxct8nz4T6wlgyUR7zLU309k9mBC768=",
        "owner": "nix-systems",
        "repo": "default",
        "rev": "da67096a3b9bf56a91d16901293e51ba5b49a27e",
        "type": "github"
      },
      "original": {
        "owner": "nix-systems",
        "repo": "default",
        "type": "github"
      }
    },
    "systems_2": {
      "locked": {
        "lastModified": 1681028828,
        "narHash": "sha256-Vy1rq5AaRuLzOxct8nz4T6wlgyUR7zLU309k9mBC768=",
        "owner": "nix-systems",
        "repo": "default",
        "rev": "da67096a3b9bf56a91d16901293e51ba5b49a27e",
        "type": "github"
      },
      "original": {
        "owner": "nix-systems",
        "repo": "default",
        "type": "github"
      }
    },
    "systems_3": {
      "locked": {
        "lastModified": 1681028828,
        "narHash": "sha256-Vy1rq5AaRuLzOxct8nz4T6wlgyUR7zLU309k9mBC768=",
        "owner": "nix-systems",
        "repo": "default",
        "rev": "da67096a3b9bf56a91d16901293e51ba5b49a27e",
        "type": "github"
      },
      "original": {
        "owner": "nix-systems",
        "repo": "default",
        "type": "github"
      }
    }
  },
  "root": "root",
  "version": 7
}
